# This file is automatically @generated by Poetry 1.8.3 and should not be changed by hand.

[[package]]
name = "audiogen"
version = "0.2.0"
description = "Generator based tools for working with audio clips."
optional = false
python-versions = "*"
files = []
develop = false

[package.extras]
soundcard-playback = ["pyaudio"]

[package.source]
type = "git"
url = "https://github.com/casebeer/audiogen.git"
reference = "python3"
resolved_reference = "0c24cc57957cb6a30c89ce6b560e92fd511da253"

[metadata]
lock-version = "2.0"
python-versions = "^3.11"
content-hash = "df765e13a208ec0a3ae3d5b08abaa5b01d3a3177dad7f5c7144d6ecca1103f63"
