# This file is automatically @generated by Poetry 1.8.3 and should not be changed by hand.

[[package]]
name = "audiogen"
version = "0.2.0"
description = "Generator based tools for working with audio clips."
optional = false
python-versions = "*"
files = []
develop = false

[package.extras]
soundcard-playback = ["pyaudio"]

[package.source]
type = "git"
url = "https://github.com/casebeer/audiogen.git"
reference = "python3"
resolved_reference = "0c24cc57957cb6a30c89ce6b560e92fd511da253"

[metadata]
lock-version = "2.0"
python-versions = "^3.12"
content-hash = "aa880fcf8a78f288a32dcc2d61657604db70e8fb43e841e098061518b31422f5"
